
Microsoft Visual Studio Solution File, Format Version 12.00
# Visual Studio Version 16
VisualStudioVersion = 16.0.29306.81
MinimumVisualStudioVersion = 10.0.40219.1
Project("{FAE04EC0-301F-11D3-BF4B-00C04F79EFBC}") = "BeakovicPaoloProvjeraZnanjaZadatak4", "BeakovicPaoloProvjeraZnanjaZadatak4\BeakovicPaoloProvjeraZnanjaZadatak4.csproj", "{1BCFE9EE-BDCB-42AF-B9ED-63768821DE7B}"
EndProject
Global
	GlobalSection(SolutionConfigurationPlatforms) = preSolution
		Debug|Any CPU = Debug|Any CPU
		Release|Any CPU = Release|Any CPU
	EndGlobalSection
	GlobalSection(ProjectConfigurationPlatforms) = postSolution
		{1BCFE9EE-BDCB-42AF-B9ED-63768821DE7B}.Debug|Any CPU.ActiveCfg = Debug|Any CPU
		{1BCFE9EE-BDCB-42AF-B9ED-63768821DE7B}.Debug|Any CPU.Build.0 = Debug|Any CPU
		{1BCFE9EE-BDCB-42AF-B9ED-63768821DE7B}.Release|Any CPU.ActiveCfg = Release|Any CPU
		{1BCFE9EE-BDCB-42AF-B9ED-63768821DE7B}.Release|Any CPU.Build.0 = Release|Any CPU
	EndGlobalSection
	GlobalSection(SolutionProperties) = preSolution
		HideSolutionNode = FALSE
	EndGlobalSection
	GlobalSection(ExtensibilityGlobals) = postSolution
		SolutionGuid = {B8159663-8286-4431-8A3B-340DF030D0DC}
	EndGlobalSection
EndGlobal
